
Microsoft Visual Studio Solution File, Format Version 12.00
# Visual Studio Version 17
VisualStudioVersion = 17.13.35818.85
MinimumVisualStudioVersion = 10.0.40219.1
Project("{FAE04EC0-301F-11D3-BF4B-00C04F79EFBC}") = "HomeOwners", "HomeOwners.csproj", "{4D8BBFFB-AA7B-4E00-9474-05E5333531F5}"
EndProject
Global
	GlobalSection(SolutionConfigurationPlatforms) = preSolution
		Debug|Any CPU = Debug|Any CPU
		Release|Any CPU = Release|Any CPU
	EndGlobalSection
	GlobalSection(ProjectConfigurationPlatforms) = postSolution
		{4D8BBFFB-AA7B-4E00-9474-05E5333531F5}.Debug|Any CPU.ActiveCfg = Debug|Any CPU
		{4D8BBFFB-AA7B-4E00-9474-05E5333531F5}.Debug|Any CPU.Build.0 = Debug|Any CPU
		{4D8BBFFB-AA7B-4E00-9474-05E5333531F5}.Release|Any CPU.ActiveCfg = Release|Any CPU
		{4D8BBFFB-AA7B-4E00-9474-05E5333531F5}.Release|Any CPU.Build.0 = Release|Any CPU
	EndGlobalSection
	GlobalSection(SolutionProperties) = preSolution
		HideSolutionNode = FALSE
	EndGlobalSection
	GlobalSection(ExtensibilityGlobals) = postSolution
		SolutionGuid = {64C65F78-0B0C-422A-8939-11E965DA1494}
	EndGlobalSection
EndGlobal
